
Microsoft Visual Studio Solution File, Format Version 12.00
# Visual Studio Version 16
VisualStudioVersion = 16.0.30204.135
MinimumVisualStudioVersion = 10.0.40219.1
Project("{FAE04EC0-301F-11D3-BF4B-00C04F79EFBC}") = "WeSplitApp", "WeSplitApp.csproj", "{4A1D66EA-1A4C-4F27-A13C-2AD864D1E561}"
EndProject
Project("{54435603-DBB4-11D2-8724-00A0C9A8B90C}") = "SetupWeSplitApp", "..\SetupWeSplitApp\SetupWeSplitApp.vdproj", "{89E7F051-1631-4BED-87AE-984B9CF5E08E}"
EndProject
Global
	GlobalSection(SolutionConfigurationPlatforms) = preSolution
		Debug|Any CPU = Debug|Any CPU
		Release|Any CPU = Release|Any CPU
	EndGlobalSection
	GlobalSection(ProjectConfigurationPlatforms) = postSolution
		{4A1D66EA-1A4C-4F27-A13C-2AD864D1E561}.Debug|Any CPU.ActiveCfg = Debug|Any CPU
		{4A1D66EA-1A4C-4F27-A13C-2AD864D1E561}.Debug|Any CPU.Build.0 = Debug|Any CPU
		{4A1D66EA-1A4C-4F27-A13C-2AD864D1E561}.Release|Any CPU.ActiveCfg = Release|Any CPU
		{4A1D66EA-1A4C-4F27-A13C-2AD864D1E561}.Release|Any CPU.Build.0 = Release|Any CPU
		{89E7F051-1631-4BED-87AE-984B9CF5E08E}.Debug|Any CPU.ActiveCfg = Debug
		{89E7F051-1631-4BED-87AE-984B9CF5E08E}.Release|Any CPU.ActiveCfg = Release
	EndGlobalSection
	GlobalSection(SolutionProperties) = preSolution
		HideSolutionNode = FALSE
	EndGlobalSection
	GlobalSection(ExtensibilityGlobals) = postSolution
		SolutionGuid = {0B291F7F-2FC1-4F61-9362-46E9C2738EA2}
	EndGlobalSection
EndGlobal
